// !$*UTF8*$!
{
	archiveVersion = 1;
	classes = {
	};
	objectVersion = 56;
	objects = {

/* Begin PBXBuildFile section */
		C4CB355029BF6C63006D39F2 /* MyairopsChallengeApp.swift in Sources */ = {isa = PBXBuildFile; fileRef = C4CB354F29BF6C63006D39F2 /* MyairopsChallengeApp.swift */; };
		C4CB355229BF6C63006D39F2 /* ContentView.swift in Sources */ = {isa = PBXBuildFile; fileRef = C4CB355129BF6C63006D39F2 /* ContentView.swift */; };
		C4CB355429BF6C65006D39F2 /* Assets.xcassets in Resources */ = {isa = PBXBuildFile; fileRef = C4CB355329BF6C65006D39F2 /* Assets.xcassets */; };
		C4CB355729BF6C65006D39F2 /* Preview Assets.xcassets in Resources */ = {isa = PBXBuildFile; fileRef = C4CB355629BF6C65006D39F2 /* Preview Assets.xcassets */; };
		C4CB356129BF6C65006D39F2 /* MyairopsChallengeTests.swift in Sources */ = {isa = PBXBuildFile; fileRef = C4CB356029BF6C65006D39F2 /* MyairopsChallengeTests.swift */; };
		C4CB356B29BF6C65006D39F2 /* MyairopsChallengeUITests.swift in Sources */ = {isa = PBXBuildFile; fileRef = C4CB356A29BF6C65006D39F2 /* MyairopsChallengeUITests.swift */; };
		C4CB356D29BF6C65006D39F2 /* MyairopsChallengeUITestsLaunchTests.swift in Sources */ = {isa = PBXBuildFile; fileRef = C4CB356C29BF6C65006D39F2 /* MyairopsChallengeUITestsLaunchTests.swift */; };
		C4CB358029BF72B0006D39F2 /* PageData.swift in Sources */ = {isa = PBXBuildFile; fileRef = C4CB357F29BF72B0006D39F2 /* PageData.swift */; };
		C4CB358329BF7322006D39F2 /* FlightListView.swift in Sources */ = {isa = PBXBuildFile; fileRef = C4CB358229BF7322006D39F2 /* FlightListView.swift */; };
		C4CB358529BF7333006D39F2 /* ContactsView.swift in Sources */ = {isa = PBXBuildFile; fileRef = C4CB358429BF7333006D39F2 /* ContactsView.swift */; };
		C4CB358729BF733D006D39F2 /* SettingsView.swift in Sources */ = {isa = PBXBuildFile; fileRef = C4CB358629BF733D006D39F2 /* SettingsView.swift */; };
		C4CB358929BF8D92006D39F2 /* Route.swift in Sources */ = {isa = PBXBuildFile; fileRef = C4CB358829BF8D92006D39F2 /* Route.swift */; };
		C4CB358B29BF8F03006D39F2 /* FlightDetailsView.swift in Sources */ = {isa = PBXBuildFile; fileRef = C4CB358A29BF8F03006D39F2 /* FlightDetailsView.swift */; };
		C4CB358D29BF903F006D39F2 /* FlightsViewModel.swift in Sources */ = {isa = PBXBuildFile; fileRef = C4CB358C29BF903F006D39F2 /* FlightsViewModel.swift */; };
		C4CB359029BF909D006D39F2 /* APIManager.swift in Sources */ = {isa = PBXBuildFile; fileRef = C4CB358F29BF909D006D39F2 /* APIManager.swift */; };
		C4CB359229BF9432006D39F2 /* Aircraft.swift in Sources */ = {isa = PBXBuildFile; fileRef = C4CB359129BF9431006D39F2 /* Aircraft.swift */; };
		C4CB359429BF98E5006D39F2 /* ImageView.swift in Sources */ = {isa = PBXBuildFile; fileRef = C4CB359329BF98E5006D39F2 /* ImageView.swift */; };
		C4CB359629BF990B006D39F2 /* ImageLoader.swift in Sources */ = {isa = PBXBuildFile; fileRef = C4CB359529BF990B006D39F2 /* ImageLoader.swift */; };
		C4CB359829BFF5B4006D39F2 /* BreadcrumbView.swift in Sources */ = {isa = PBXBuildFile; fileRef = C4CB359729BFF5B4006D39F2 /* BreadcrumbView.swift */; };
		C4CB359B29C07655006D39F2 /* FlightStatus.swift in Sources */ = {isa = PBXBuildFile; fileRef = C4CB359A29C07655006D39F2 /* FlightStatus.swift */; };
		C4CB359D29C07705006D39F2 /* FlightStatusView.swift in Sources */ = {isa = PBXBuildFile; fileRef = C4CB359C29C07705006D39F2 /* FlightStatusView.swift */; };
		C4CB359F29C077D0006D39F2 /* TopBannerView.swift in Sources */ = {isa = PBXBuildFile; fileRef = C4CB359E29C077D0006D39F2 /* TopBannerView.swift */; };
		C4CB35A129C07861006D39F2 /* MenuButton.swift in Sources */ = {isa = PBXBuildFile; fileRef = C4CB35A029C07861006D39F2 /* MenuButton.swift */; };
		C4CB35A329C08F24006D39F2 /* LastView.swift in Sources */ = {isa = PBXBuildFile; fileRef = C4CB35A229C08F24006D39F2 /* LastView.swift */; };
		C4CCF4CC29C0AD9E0097E833 /* PreviewSupport.swift in Sources */ = {isa = PBXBuildFile; fileRef = C4CCF4CB29C0AD9E0097E833 /* PreviewSupport.swift */; };
		C4CCF4CE29C0B0700097E833 /* Contact.swift in Sources */ = {isa = PBXBuildFile; fileRef = C4CCF4CD29C0B0700097E833 /* Contact.swift */; };
		C4CCF4D029C0B1DF0097E833 /* Settings.swift in Sources */ = {isa = PBXBuildFile; fileRef = C4CCF4CF29C0B1DF0097E833 /* Settings.swift */; };
		C4CCF4D229C0B7F90097E833 /* Style.swift in Sources */ = {isa = PBXBuildFile; fileRef = C4CCF4D129C0B7F90097E833 /* Style.swift */; };
/* End PBXBuildFile section */

/* Begin PBXContainerItemProxy section */
		C4CB355D29BF6C65006D39F2 /* PBXContainerItemProxy */ = {
			isa = PBXContainerItemProxy;
			containerPortal = C4CB354429BF6C63006D39F2 /* Project object */;
			proxyType = 1;
			remoteGlobalIDString = C4CB354B29BF6C63006D39F2;
			remoteInfo = MyairopsChallenge;
		};
		C4CB356729BF6C65006D39F2 /* PBXContainerItemProxy */ = {
			isa = PBXContainerItemProxy;
			containerPortal = C4CB354429BF6C63006D39F2 /* Project object */;
			proxyType = 1;
			remoteGlobalIDString = C4CB354B29BF6C63006D39F2;
			remoteInfo = MyairopsChallenge;
		};
/* End PBXContainerItemProxy section */

/* Begin PBXFileReference section */
		C4CB354C29BF6C63006D39F2 /* MyairopsChallenge.app */ = {isa = PBXFileReference; explicitFileType = wrapper.application; includeInIndex = 0; path = MyairopsChallenge.app; sourceTree = BUILT_PRODUCTS_DIR; };
		C4CB354F29BF6C63006D39F2 /* MyairopsChallengeApp.swift */ = {isa = PBXFileReference; lastKnownFileType = sourcecode.swift; path = MyairopsChallengeApp.swift; sourceTree = "<group>"; };
		C4CB355129BF6C63006D39F2 /* ContentView.swift */ = {isa = PBXFileReference; lastKnownFileType = sourcecode.swift; path = ContentView.swift; sourceTree = "<group>"; };
		C4CB355329BF6C65006D39F2 /* Assets.xcassets */ = {isa = PBXFileReference; lastKnownFileType = folder.assetcatalog; path = Assets.xcassets; sourceTree = "<group>"; };
		C4CB355629BF6C65006D39F2 /* Preview Assets.xcassets */ = {isa = PBXFileReference; lastKnownFileType = folder.assetcatalog; path = "Preview Assets.xcassets"; sourceTree = "<group>"; };
		C4CB355C29BF6C65006D39F2 /* MyairopsChallengeTests.xctest */ = {isa = PBXFileReference; explicitFileType = wrapper.cfbundle; includeInIndex = 0; path = MyairopsChallengeTests.xctest; sourceTree = BUILT_PRODUCTS_DIR; };
		C4CB356029BF6C65006D39F2 /* MyairopsChallengeTests.swift */ = {isa = PBXFileReference; lastKnownFileType = sourcecode.swift; path = MyairopsChallengeTests.swift; sourceTree = "<group>"; };
		C4CB356629BF6C65006D39F2 /* MyairopsChallengeUITests.xctest */ = {isa = PBXFileReference; explicitFileType = wrapper.cfbundle; includeInIndex = 0; path = MyairopsChallengeUITests.xctest; sourceTree = BUILT_PRODUCTS_DIR; };
		C4CB356A29BF6C65006D39F2 /* MyairopsChallengeUITests.swift */ = {isa = PBXFileReference; lastKnownFileType = sourcecode.swift; path = MyairopsChallengeUITests.swift; sourceTree = "<group>"; };
		C4CB356C29BF6C65006D39F2 /* MyairopsChallengeUITestsLaunchTests.swift */ = {isa = PBXFileReference; lastKnownFileType = sourcecode.swift; path = MyairopsChallengeUITestsLaunchTests.swift; sourceTree = "<group>"; };
		C4CB357F29BF72B0006D39F2 /* PageData.swift */ = {isa = PBXFileReference; lastKnownFileType = sourcecode.swift; path = PageData.swift; sourceTree = "<group>"; };
		C4CB358229BF7322006D39F2 /* FlightListView.swift */ = {isa = PBXFileReference; lastKnownFileType = sourcecode.swift; path = FlightListView.swift; sourceTree = "<group>"; };
		C4CB358429BF7333006D39F2 /* ContactsView.swift */ = {isa = PBXFileReference; lastKnownFileType = sourcecode.swift; path = ContactsView.swift; sourceTree = "<group>"; };
		C4CB358629BF733D006D39F2 /* SettingsView.swift */ = {isa = PBXFileReference; lastKnownFileType = sourcecode.swift; path = SettingsView.swift; sourceTree = "<group>"; };
		C4CB358829BF8D92006D39F2 /* Route.swift */ = {isa = PBXFileReference; lastKnownFileType = sourcecode.swift; path = Route.swift; sourceTree = "<group>"; };
		C4CB358A29BF8F03006D39F2 /* FlightDetailsView.swift */ = {isa = PBXFileReference; lastKnownFileType = sourcecode.swift; path = FlightDetailsView.swift; sourceTree = "<group>"; };
		C4CB358C29BF903F006D39F2 /* FlightsViewModel.swift */ = {isa = PBXFileReference; lastKnownFileType = sourcecode.swift; path = FlightsViewModel.swift; sourceTree = "<group>"; };
		C4CB358F29BF909D006D39F2 /* APIManager.swift */ = {isa = PBXFileReference; lastKnownFileType = sourcecode.swift; path = APIManager.swift; sourceTree = "<group>"; };
		C4CB359129BF9431006D39F2 /* Aircraft.swift */ = {isa = PBXFileReference; lastKnownFileType = sourcecode.swift; path = Aircraft.swift; sourceTree = "<group>"; };
		C4CB359329BF98E5006D39F2 /* ImageView.swift */ = {isa = PBXFileReference; lastKnownFileType = sourcecode.swift; path = ImageView.swift; sourceTree = "<group>"; };
		C4CB359529BF990B006D39F2 /* ImageLoader.swift */ = {isa = PBXFileReference; lastKnownFileType = sourcecode.swift; path = ImageLoader.swift; sourceTree = "<group>"; };
		C4CB359729BFF5B4006D39F2 /* BreadcrumbView.swift */ = {isa = PBXFileReference; lastKnownFileType = sourcecode.swift; path = BreadcrumbView.swift; sourceTree = "<group>"; };
		C4CB359929C06BF2006D39F2 /* Info.plist */ = {isa = PBXFileReference; lastKnownFileType = text.plist; path = Info.plist; sourceTree = "<group>"; };
		C4CB359A29C07655006D39F2 /* FlightStatus.swift */ = {isa = PBXFileReference; lastKnownFileType = sourcecode.swift; path = FlightStatus.swift; sourceTree = "<group>"; };
		C4CB359C29C07705006D39F2 /* FlightStatusView.swift */ = {isa = PBXFileReference; lastKnownFileType = sourcecode.swift; path = FlightStatusView.swift; sourceTree = "<group>"; };
		C4CB359E29C077D0006D39F2 /* TopBannerView.swift */ = {isa = PBXFileReference; lastKnownFileType = sourcecode.swift; path = TopBannerView.swift; sourceTree = "<group>"; };
		C4CB35A029C07861006D39F2 /* MenuButton.swift */ = {isa = PBXFileReference; lastKnownFileType = sourcecode.swift; path = MenuButton.swift; sourceTree = "<group>"; };
		C4CB35A229C08F24006D39F2 /* LastView.swift */ = {isa = PBXFileReference; lastKnownFileType = sourcecode.swift; path = LastView.swift; sourceTree = "<group>"; };
		C4CCF4CB29C0AD9E0097E833 /* PreviewSupport.swift */ = {isa = PBXFileReference; lastKnownFileType = sourcecode.swift; path = PreviewSupport.swift; sourceTree = "<group>"; };
		C4CCF4CD29C0B0700097E833 /* Contact.swift */ = {isa = PBXFileReference; lastKnownFileType = sourcecode.swift; path = Contact.swift; sourceTree = "<group>"; };
		C4CCF4CF29C0B1DF0097E833 /* Settings.swift */ = {isa = PBXFileReference; lastKnownFileType = sourcecode.swift; path = Settings.swift; sourceTree = "<group>"; };
		C4CCF4D129C0B7F90097E833 /* Style.swift */ = {isa = PBXFileReference; lastKnownFileType = sourcecode.swift; path = Style.swift; sourceTree = "<group>"; };
/* End PBXFileReference section */

/* Begin PBXFrameworksBuildPhase section */
		C4CB354929BF6C63006D39F2 /* Frameworks */ = {
			isa = PBXFrameworksBuildPhase;
			buildActionMask = 2147483647;
			files = (
			);
			runOnlyForDeploymentPostprocessing = 0;
		};
		C4CB355929BF6C65006D39F2 /* Frameworks */ = {
			isa = PBXFrameworksBuildPhase;
			buildActionMask = 2147483647;
			files = (
			);
			runOnlyForDeploymentPostprocessing = 0;
		};
		C4CB356329BF6C65006D39F2 /* Frameworks */ = {
			isa = PBXFrameworksBuildPhase;
			buildActionMask = 2147483647;
			files = (
			);
			runOnlyForDeploymentPostprocessing = 0;
		};
/* End PBXFrameworksBuildPhase section */

/* Begin PBXGroup section */
		C4CB354329BF6C63006D39F2 = {
			isa = PBXGroup;
			children = (
				C4CB354E29BF6C63006D39F2 /* MyairopsChallenge */,
				C4CB355F29BF6C65006D39F2 /* MyairopsChallengeTests */,
				C4CB356929BF6C65006D39F2 /* MyairopsChallengeUITests */,
				C4CB354D29BF6C63006D39F2 /* Products */,
			);
			sourceTree = "<group>";
		};
		C4CB354D29BF6C63006D39F2 /* Products */ = {
			isa = PBXGroup;
			children = (
				C4CB354C29BF6C63006D39F2 /* MyairopsChallenge.app */,
				C4CB355C29BF6C65006D39F2 /* MyairopsChallengeTests.xctest */,
				C4CB356629BF6C65006D39F2 /* MyairopsChallengeUITests.xctest */,
			);
			name = Products;
			sourceTree = "<group>";
		};
		C4CB354E29BF6C63006D39F2 /* MyairopsChallenge */ = {
			isa = PBXGroup;
			children = (
				C4CB359929C06BF2006D39F2 /* Info.plist */,
				C4CB354F29BF6C63006D39F2 /* MyairopsChallengeApp.swift */,
				C4CB358129BF72B4006D39F2 /* Model */,
				C4CB357929BF6D33006D39F2 /* View */,
				C4CB358E29BF9044006D39F2 /* ViewModel */,
				C4CB357E29BF72A4006D39F2 /* Others */,
				C4CB355329BF6C65006D39F2 /* Assets.xcassets */,
				C4CB355529BF6C65006D39F2 /* Preview Content */,
			);
			path = MyairopsChallenge;
			sourceTree = "<group>";
		};
		C4CB355529BF6C65006D39F2 /* Preview Content */ = {
			isa = PBXGroup;
			children = (
				C4CB355629BF6C65006D39F2 /* Preview Assets.xcassets */,
			);
			path = "Preview Content";
			sourceTree = "<group>";
		};
		C4CB355F29BF6C65006D39F2 /* MyairopsChallengeTests */ = {
			isa = PBXGroup;
			children = (
				C4CB356029BF6C65006D39F2 /* MyairopsChallengeTests.swift */,
			);
			path = MyairopsChallengeTests;
			sourceTree = "<group>";
		};
		C4CB356929BF6C65006D39F2 /* MyairopsChallengeUITests */ = {
			isa = PBXGroup;
			children = (
				C4CB356A29BF6C65006D39F2 /* MyairopsChallengeUITests.swift */,
				C4CB356C29BF6C65006D39F2 /* MyairopsChallengeUITestsLaunchTests.swift */,
			);
			path = MyairopsChallengeUITests;
			sourceTree = "<group>";
		};
		C4CB357929BF6D33006D39F2 /* View */ = {
			isa = PBXGroup;
			children = (
				C4CB355129BF6C63006D39F2 /* ContentView.swift */,
				C4CB358229BF7322006D39F2 /* FlightListView.swift */,
				C4CB359729BFF5B4006D39F2 /* BreadcrumbView.swift */,
				C4CB358A29BF8F03006D39F2 /* FlightDetailsView.swift */,
				C4CB35A229C08F24006D39F2 /* LastView.swift */,
				C4CB35A029C07861006D39F2 /* MenuButton.swift */,
				C4CB359E29C077D0006D39F2 /* TopBannerView.swift */,
				C4CB359C29C07705006D39F2 /* FlightStatusView.swift */,
				C4CB358629BF733D006D39F2 /* SettingsView.swift */,
				C4CB358429BF7333006D39F2 /* ContactsView.swift */,
				C4CB359329BF98E5006D39F2 /* ImageView.swift */,
			);
			path = View;
			sourceTree = "<group>";
		};
		C4CB357E29BF72A4006D39F2 /* Others */ = {
			isa = PBXGroup;
			children = (
				C4CB358F29BF909D006D39F2 /* APIManager.swift */,
				C4CCF4CB29C0AD9E0097E833 /* PreviewSupport.swift */,
				C4CCF4D129C0B7F90097E833 /* Style.swift */,
			);
			path = Others;
			sourceTree = "<group>";
		};
		C4CB358129BF72B4006D39F2 /* Model */ = {
			isa = PBXGroup;
			children = (
				C4CB357F29BF72B0006D39F2 /* PageData.swift */,
				C4CB358829BF8D92006D39F2 /* Route.swift */,
				C4CB359A29C07655006D39F2 /* FlightStatus.swift */,
				C4CB359129BF9431006D39F2 /* Aircraft.swift */,
				C4CCF4CD29C0B0700097E833 /* Contact.swift */,
				C4CCF4CF29C0B1DF0097E833 /* Settings.swift */,
			);
			path = Model;
			sourceTree = "<group>";
		};
		C4CB358E29BF9044006D39F2 /* ViewModel */ = {
			isa = PBXGroup;
			children = (
				C4CB358C29BF903F006D39F2 /* FlightsViewModel.swift */,
				C4CB359529BF990B006D39F2 /* ImageLoader.swift */,
			);
			path = ViewModel;
			sourceTree = "<group>";
		};
/* End PBXGroup section */

/* Begin PBXNativeTarget section */
		C4CB354B29BF6C63006D39F2 /* MyairopsChallenge */ = {
			isa = PBXNativeTarget;
			buildConfigurationList = C4CB357029BF6C65006D39F2 /* Build configuration list for PBXNativeTarget "MyairopsChallenge" */;
			buildPhases = (
				C4CB354829BF6C63006D39F2 /* Sources */,
				C4CB354929BF6C63006D39F2 /* Frameworks */,
				C4CB354A29BF6C63006D39F2 /* Resources */,
			);
			buildRules = (
			);
			dependencies = (
			);
			name = MyairopsChallenge;
			productName = MyairopsChallenge;
			productReference = C4CB354C29BF6C63006D39F2 /* MyairopsChallenge.app */;
			productType = "com.apple.product-type.application";
		};
		C4CB355B29BF6C65006D39F2 /* MyairopsChallengeTests */ = {
			isa = PBXNativeTarget;
			buildConfigurationList = C4CB357329BF6C65006D39F2 /* Build configuration list for PBXNativeTarget "MyairopsChallengeTests" */;
			buildPhases = (
				C4CB355829BF6C65006D39F2 /* Sources */,
				C4CB355929BF6C65006D39F2 /* Frameworks */,
				C4CB355A29BF6C65006D39F2 /* Resources */,
			);
			buildRules = (
			);
			dependencies = (
				C4CB355E29BF6C65006D39F2 /* PBXTargetDependency */,
			);
			name = MyairopsChallengeTests;
			productName = MyairopsChallengeTests;
			productReference = C4CB355C29BF6C65006D39F2 /* MyairopsChallengeTests.xctest */;
			productType = "com.apple.product-type.bundle.unit-test";
		};
		C4CB356529BF6C65006D39F2 /* MyairopsChallengeUITests */ = {
			isa = PBXNativeTarget;
			buildConfigurationList = C4CB357629BF6C65006D39F2 /* Build configuration list for PBXNativeTarget "MyairopsChallengeUITests" */;
			buildPhases = (
				C4CB356229BF6C65006D39F2 /* Sources */,
				C4CB356329BF6C65006D39F2 /* Frameworks */,
				C4CB356429BF6C65006D39F2 /* Resources */,
			);
			buildRules = (
			);
			dependencies = (
				C4CB356829BF6C65006D39F2 /* PBXTargetDependency */,
			);
			name = MyairopsChallengeUITests;
			productName = MyairopsChallengeUITests;
			productReference = C4CB356629BF6C65006D39F2 /* MyairopsChallengeUITests.xctest */;
			productType = "com.apple.product-type.bundle.ui-testing";
		};
/* End PBXNativeTarget section */

/* Begin PBXProject section */
		C4CB354429BF6C63006D39F2 /* Project object */ = {
			isa = PBXProject;
			attributes = {
				BuildIndependentTargetsInParallel = 1;
				LastSwiftUpdateCheck = 1420;
				LastUpgradeCheck = 1420;
				TargetAttributes = {
					C4CB354B29BF6C63006D39F2 = {
						CreatedOnToolsVersion = 14.2;
					};
					C4CB355B29BF6C65006D39F2 = {
						CreatedOnToolsVersion = 14.2;
						TestTargetID = C4CB354B29BF6C63006D39F2;
					};
					C4CB356529BF6C65006D39F2 = {
						CreatedOnToolsVersion = 14.2;
						TestTargetID = C4CB354B29BF6C63006D39F2;
					};
				};
			};
			buildConfigurationList = C4CB354729BF6C63006D39F2 /* Build configuration list for PBXProject "MyairopsChallenge" */;
			compatibilityVersion = "Xcode 14.0";
			developmentRegion = en;
			hasScannedForEncodings = 0;
			knownRegions = (
				en,
				Base,
			);
			mainGroup = C4CB354329BF6C63006D39F2;
			productRefGroup = C4CB354D29BF6C63006D39F2 /* Products */;
			projectDirPath = "";
			projectRoot = "";
			targets = (
				C4CB354B29BF6C63006D39F2 /* MyairopsChallenge */,
				C4CB355B29BF6C65006D39F2 /* MyairopsChallengeTests */,
				C4CB356529BF6C65006D39F2 /* MyairopsChallengeUITests */,
			);
		};
/* End PBXProject section */

/* Begin PBXResourcesBuildPhase section */
		C4CB354A29BF6C63006D39F2 /* Resources */ = {
			isa = PBXResourcesBuildPhase;
			buildActionMask = 2147483647;
			files = (
				C4CB355729BF6C65006D39F2 /* Preview Assets.xcassets in Resources */,
				C4CB355429BF6C65006D39F2 /* Assets.xcassets in Resources */,
			);
			runOnlyForDeploymentPostprocessing = 0;
		};
		C4CB355A29BF6C65006D39F2 /* Resources */ = {
			isa = PBXResourcesBuildPhase;
			buildActionMask = 2147483647;
			files = (
			);
			runOnlyForDeploymentPostprocessing = 0;
		};
		C4CB356429BF6C65006D39F2 /* Resources */ = {
			isa = PBXResourcesBuildPhase;
			buildActionMask = 2147483647;
			files = (
			);
			runOnlyForDeploymentPostprocessing = 0;
		};
/* End PBXResourcesBuildPhase section */

/* Begin PBXSourcesBuildPhase section */
		C4CB354829BF6C63006D39F2 /* Sources */ = {
			isa = PBXSourcesBuildPhase;
			buildActionMask = 2147483647;
			files = (
				C4CB359429BF98E5006D39F2 /* ImageView.swift in Sources */,
				C4CB359F29C077D0006D39F2 /* TopBannerView.swift in Sources */,
				C4CB358D29BF903F006D39F2 /* FlightsViewModel.swift in Sources */,
				C4CB355229BF6C63006D39F2 /* ContentView.swift in Sources */,
				C4CB359029BF909D006D39F2 /* APIManager.swift in Sources */,
				C4CCF4D229C0B7F90097E833 /* Style.swift in Sources */,
				C4CB359229BF9432006D39F2 /* Aircraft.swift in Sources */,
				C4CCF4CE29C0B0700097E833 /* Contact.swift in Sources */,
				C4CB359829BFF5B4006D39F2 /* BreadcrumbView.swift in Sources */,
				C4CB358B29BF8F03006D39F2 /* FlightDetailsView.swift in Sources */,
				C4CB358729BF733D006D39F2 /* SettingsView.swift in Sources */,
				C4CB359B29C07655006D39F2 /* FlightStatus.swift in Sources */,
				C4CB358329BF7322006D39F2 /* FlightListView.swift in Sources */,
				C4CB358029BF72B0006D39F2 /* PageData.swift in Sources */,
				C4CB355029BF6C63006D39F2 /* MyairopsChallengeApp.swift in Sources */,
				C4CB358929BF8D92006D39F2 /* Route.swift in Sources */,
				C4CB35A129C07861006D39F2 /* MenuButton.swift in Sources */,
				C4CB358529BF7333006D39F2 /* ContactsView.swift in Sources */,
				C4CB359D29C07705006D39F2 /* FlightStatusView.swift in Sources */,
				C4CB359629BF990B006D39F2 /* ImageLoader.swift in Sources */,
				C4CCF4CC29C0AD9E0097E833 /* PreviewSupport.swift in Sources */,
				C4CCF4D029C0B1DF0097E833 /* Settings.swift in Sources */,
				C4CB35A329C08F24006D39F2 /* LastView.swift in Sources */,
			);
			runOnlyForDeploymentPostprocessing = 0;
		};
		C4CB355829BF6C65006D39F2 /* Sources */ = {
			isa = PBXSourcesBuildPhase;
			buildActionMask = 2147483647;
			files = (
				C4CB356129BF6C65006D39F2 /* MyairopsChallengeTests.swift in Sources */,
			);
			runOnlyForDeploymentPostprocessing = 0;
		};
		C4CB356229BF6C65006D39F2 /* Sources */ = {
			isa = PBXSourcesBuildPhase;
			buildActionMask = 2147483647;
			files = (
				C4CB356D29BF6C65006D39F2 /* MyairopsChallengeUITestsLaunchTests.swift in Sources */,
				C4CB356B29BF6C65006D39F2 /* MyairopsChallengeUITests.swift in Sources */,
			);
			runOnlyForDeploymentPostprocessing = 0;
		};
/* End PBXSourcesBuildPhase section */

/* Begin PBXTargetDependency section */
		C4CB355E29BF6C65006D39F2 /* PBXTargetDependency */ = {
			isa = PBXTargetDependency;
			target = C4CB354B29BF6C63006D39F2 /* MyairopsChallenge */;
			targetProxy = C4CB355D29BF6C65006D39F2 /* PBXContainerItemProxy */;
		};
		C4CB356829BF6C65006D39F2 /* PBXTargetDependency */ = {
			isa = PBXTargetDependency;
			target = C4CB354B29BF6C63006D39F2 /* MyairopsChallenge */;
			targetProxy = C4CB356729BF6C65006D39F2 /* PBXContainerItemProxy */;
		};
/* End PBXTargetDependency section */

/* Begin XCBuildConfiguration section */
		C4CB356E29BF6C65006D39F2 /* Debug */ = {
			isa = XCBuildConfiguration;
			buildSettings = {
				ALWAYS_SEARCH_USER_PATHS = NO;
				CLANG_ANALYZER_NONNULL = YES;
				CLANG_ANALYZER_NUMBER_OBJECT_CONVERSION = YES_AGGRESSIVE;
				CLANG_CXX_LANGUAGE_STANDARD = "gnu++20";
				CLANG_ENABLE_MODULES = YES;
				CLANG_ENABLE_OBJC_ARC = YES;
				CLANG_ENABLE_OBJC_WEAK = YES;
				CLANG_WARN_BLOCK_CAPTURE_AUTORELEASING = YES;
				CLANG_WARN_BOOL_CONVERSION = YES;
				CLANG_WARN_COMMA = YES;
				CLANG_WARN_CONSTANT_CONVERSION = YES;
				CLANG_WARN_DEPRECATED_OBJC_IMPLEMENTATIONS = YES;
				CLANG_WARN_DIRECT_OBJC_ISA_USAGE = YES_ERROR;
				CLANG_WARN_DOCUMENTATION_COMMENTS = YES;
				CLANG_WARN_EMPTY_BODY = YES;
				CLANG_WARN_ENUM_CONVERSION = YES;
				CLANG_WARN_INFINITE_RECURSION = YES;
				CLANG_WARN_INT_CONVERSION = YES;
				CLANG_WARN_NON_LITERAL_NULL_CONVERSION = YES;
				CLANG_WARN_OBJC_IMPLICIT_RETAIN_SELF = YES;
				CLANG_WARN_OBJC_LITERAL_CONVERSION = YES;
				CLANG_WARN_OBJC_ROOT_CLASS = YES_ERROR;
				CLANG_WARN_QUOTED_INCLUDE_IN_FRAMEWORK_HEADER = YES;
				CLANG_WARN_RANGE_LOOP_ANALYSIS = YES;
				CLANG_WARN_STRICT_PROTOTYPES = YES;
				CLANG_WARN_SUSPICIOUS_MOVE = YES;
				CLANG_WARN_UNGUARDED_AVAILABILITY = YES_AGGRESSIVE;
				CLANG_WARN_UNREACHABLE_CODE = YES;
				CLANG_WARN__DUPLICATE_METHOD_MATCH = YES;
				COPY_PHASE_STRIP = NO;
				DEBUG_INFORMATION_FORMAT = dwarf;
				ENABLE_STRICT_OBJC_MSGSEND = YES;
				ENABLE_TESTABILITY = YES;
				GCC_C_LANGUAGE_STANDARD = gnu11;
				GCC_DYNAMIC_NO_PIC = NO;
				GCC_NO_COMMON_BLOCKS = YES;
				GCC_OPTIMIZATION_LEVEL = 0;
				GCC_PREPROCESSOR_DEFINITIONS = (
					"DEBUG=1",
					"$(inherited)",
				);
				GCC_WARN_64_TO_32_BIT_CONVERSION = YES;
				GCC_WARN_ABOUT_RETURN_TYPE = YES_ERROR;
				GCC_WARN_UNDECLARED_SELECTOR = YES;
				GCC_WARN_UNINITIALIZED_AUTOS = YES_AGGRESSIVE;
				GCC_WARN_UNUSED_FUNCTION = YES;
				GCC_WARN_UNUSED_VARIABLE = YES;
				IPHONEOS_DEPLOYMENT_TARGET = 16.0;
				MTL_ENABLE_DEBUG_INFO = INCLUDE_SOURCE;
				MTL_FAST_MATH = YES;
				ONLY_ACTIVE_ARCH = YES;
				SDKROOT = iphoneos;
				SWIFT_ACTIVE_COMPILATION_CONDITIONS = DEBUG;
				SWIFT_OPTIMIZATION_LEVEL = "-Onone";
			};
			name = Debug;
		};
		C4CB356F29BF6C65006D39F2 /* Release */ = {
			isa = XCBuildConfiguration;
			buildSettings = {
				ALWAYS_SEARCH_USER_PATHS = NO;
				CLANG_ANALYZER_NONNULL = YES;
				CLANG_ANALYZER_NUMBER_OBJECT_CONVERSION = YES_AGGRESSIVE;
				CLANG_CXX_LANGUAGE_STANDARD = "gnu++20";
				CLANG_ENABLE_MODULES = YES;
				CLANG_ENABLE_OBJC_ARC = YES;
				CLANG_ENABLE_OBJC_WEAK = YES;
				CLANG_WARN_BLOCK_CAPTURE_AUTORELEASING = YES;
				CLANG_WARN_BOOL_CONVERSION = YES;
				CLANG_WARN_COMMA = YES;
				CLANG_WARN_CONSTANT_CONVERSION = YES;
				CLANG_WARN_DEPRECATED_OBJC_IMPLEMENTATIONS = YES;
				CLANG_WARN_DIRECT_OBJC_ISA_USAGE = YES_ERROR;
				CLANG_WARN_DOCUMENTATION_COMMENTS = YES;
				CLANG_WARN_EMPTY_BODY = YES;
				CLANG_WARN_ENUM_CONVERSION = YES;
				CLANG_WARN_INFINITE_RECURSION = YES;
				CLANG_WARN_INT_CONVERSION = YES;
				CLANG_WARN_NON_LITERAL_NULL_CONVERSION = YES;
				CLANG_WARN_OBJC_IMPLICIT_RETAIN_SELF = YES;
				CLANG_WARN_OBJC_LITERAL_CONVERSION = YES;
				CLANG_WARN_OBJC_ROOT_CLASS = YES_ERROR;
				CLANG_WARN_QUOTED_INCLUDE_IN_FRAMEWORK_HEADER = YES;
				CLANG_WARN_RANGE_LOOP_ANALYSIS = YES;
				CLANG_WARN_STRICT_PROTOTYPES = YES;
				CLANG_WARN_SUSPICIOUS_MOVE = YES;
				CLANG_WARN_UNGUARDED_AVAILABILITY = YES_AGGRESSIVE;
				CLANG_WARN_UNREACHABLE_CODE = YES;
				CLANG_WARN__DUPLICATE_METHOD_MATCH = YES;
				COPY_PHASE_STRIP = NO;
				DEBUG_INFORMATION_FORMAT = "dwarf-with-dsym";
				ENABLE_NS_ASSERTIONS = NO;
				ENABLE_STRICT_OBJC_MSGSEND = YES;
				GCC_C_LANGUAGE_STANDARD = gnu11;
				GCC_NO_COMMON_BLOCKS = YES;
				GCC_WARN_64_TO_32_BIT_CONVERSION = YES;
				GCC_WARN_ABOUT_RETURN_TYPE = YES_ERROR;
				GCC_WARN_UNDECLARED_SELECTOR = YES;
				GCC_WARN_UNINITIALIZED_AUTOS = YES_AGGRESSIVE;
				GCC_WARN_UNUSED_FUNCTION = YES;
				GCC_WARN_UNUSED_VARIABLE = YES;
				IPHONEOS_DEPLOYMENT_TARGET = 16.0;
				MTL_ENABLE_DEBUG_INFO = NO;
				MTL_FAST_MATH = YES;
				SDKROOT = iphoneos;
				SWIFT_COMPILATION_MODE = wholemodule;
				SWIFT_OPTIMIZATION_LEVEL = "-O";
				VALIDATE_PRODUCT = YES;
			};
			name = Release;
		};
		C4CB357129BF6C65006D39F2 /* Debug */ = {
			isa = XCBuildConfiguration;
			buildSettings = {
				ASSETCATALOG_COMPILER_APPICON_NAME = AppIcon;
				ASSETCATALOG_COMPILER_GLOBAL_ACCENT_COLOR_NAME = AccentColor;
				CODE_SIGN_STYLE = Automatic;
				CURRENT_PROJECT_VERSION = 1;
				DEVELOPMENT_ASSET_PATHS = "\"MyairopsChallenge/Preview Content\"";
				DEVELOPMENT_TEAM = 3777CH98HC;
				ENABLE_PREVIEWS = YES;
				GENERATE_INFOPLIST_FILE = YES;
				INFOPLIST_FILE = MyairopsChallenge/Info.plist;
				INFOPLIST_KEY_UIApplicationSupportsIndirectInputEvents = YES;
				INFOPLIST_KEY_UILaunchScreen_Generation = YES;
				INFOPLIST_KEY_UISupportedInterfaceOrientations_iPad = "UIInterfaceOrientationPortrait UIInterfaceOrientationPortraitUpsideDown UIInterfaceOrientationLandscapeLeft UIInterfaceOrientationLandscapeRight";
				INFOPLIST_KEY_UISupportedInterfaceOrientations_iPhone = "UIInterfaceOrientationPortrait UIInterfaceOrientationLandscapeLeft UIInterfaceOrientationLandscapeRight";
				IPHONEOS_DEPLOYMENT_TARGET = 16.0;
				LD_RUNPATH_SEARCH_PATHS = (
					"$(inherited)",
					"@executable_path/Frameworks",
				);
				MARKETING_VERSION = 1.0;
				PRODUCT_BUNDLE_IDENTIFIER = com.stebinalex.MyairopsChallenge;
				PRODUCT_NAME = "$(TARGET_NAME)";
				SWIFT_EMIT_LOC_STRINGS = YES;
				SWIFT_VERSION = 5.0;
				TARGETED_DEVICE_FAMILY = "1,2";
			};
			name = Debug;
		};
		C4CB357229BF6C65006D39F2 /* Release */ = {
			isa = XCBuildConfiguration;
			buildSettings = {
				ASSETCATALOG_COMPILER_APPICON_NAME = AppIcon;
				ASSETCATALOG_COMPILER_GLOBAL_ACCENT_COLOR_NAME = AccentColor;
				CODE_SIGN_STYLE = Automatic;
				CURRENT_PROJECT_VERSION = 1;
				DEVELOPMENT_ASSET_PATHS = "\"MyairopsChallenge/Preview Content\"";
				DEVELOPMENT_TEAM = 3777CH98HC;
				ENABLE_PREVIEWS = YES;
				GENERATE_INFOPLIST_FILE = YES;
				INFOPLIST_FILE = MyairopsChallenge/Info.plist;
				INFOPLIST_KEY_UIApplicationSupportsIndirectInputEvents = YES;
				INFOPLIST_KEY_UILaunchScreen_Generation = YES;
				INFOPLIST_KEY_UISupportedInterfaceOrientations_iPad = "UIInterfaceOrientationPortrait UIInterfaceOrientationPortraitUpsideDown UIInterfaceOrientationLandscapeLeft UIInterfaceOrientationLandscapeRight";
				INFOPLIST_KEY_UISupportedInterfaceOrientations_iPhone = "UIInterfaceOrientationPortrait UIInterfaceOrientationLandscapeLeft UIInterfaceOrientationLandscapeRight";
				IPHONEOS_DEPLOYMENT_TARGET = 16.0;
				LD_RUNPATH_SEARCH_PATHS = (
					"$(inherited)",
					"@executable_path/Frameworks",
				);
				MARKETING_VERSION = 1.0;
				PRODUCT_BUNDLE_IDENTIFIER = com.stebinalex.MyairopsChallenge;
				PRODUCT_NAME = "$(TARGET_NAME)";
				SWIFT_EMIT_LOC_STRINGS = YES;
				SWIFT_VERSION = 5.0;
				TARGETED_DEVICE_FAMILY = "1,2";
			};
			name = Release;
		};
		C4CB357429BF6C65006D39F2 /* Debug */ = {
			isa = XCBuildConfiguration;
			buildSettings = {
				ALWAYS_EMBED_SWIFT_STANDARD_LIBRARIES = YES;
				BUNDLE_LOADER = "$(TEST_HOST)";
				CODE_SIGN_STYLE = Automatic;
				CURRENT_PROJECT_VERSION = 1;
				DEVELOPMENT_TEAM = 3777CH98HC;
				GENERATE_INFOPLIST_FILE = YES;
				IPHONEOS_DEPLOYMENT_TARGET = 16.2;
				MARKETING_VERSION = 1.0;
				PRODUCT_BUNDLE_IDENTIFIER = com.stebinalex.MyairopsChallengeTests;
				PRODUCT_NAME = "$(TARGET_NAME)";
				SWIFT_EMIT_LOC_STRINGS = NO;
				SWIFT_VERSION = 5.0;
				TARGETED_DEVICE_FAMILY = "1,2";
				TEST_HOST = "$(BUILT_PRODUCTS_DIR)/MyairopsChallenge.app/$(BUNDLE_EXECUTABLE_FOLDER_PATH)/MyairopsChallenge";
			};
			name = Debug;
		};
		C4CB357529BF6C65006D39F2 /* Release */ = {
			isa = XCBuildConfiguration;
			buildSettings = {
				ALWAYS_EMBED_SWIFT_STANDARD_LIBRARIES = YES;
				BUNDLE_LOADER = "$(TEST_HOST)";
				CODE_SIGN_STYLE = Automatic;
				CURRENT_PROJECT_VERSION = 1;
				DEVELOPMENT_TEAM = 3777CH98HC;
				GENERATE_INFOPLIST_FILE = YES;
				IPHONEOS_DEPLOYMENT_TARGET = 16.2;
				MARKETING_VERSION = 1.0;
				PRODUCT_BUNDLE_IDENTIFIER = com.stebinalex.MyairopsChallengeTests;
				PRODUCT_NAME = "$(TARGET_NAME)";
				SWIFT_EMIT_LOC_STRINGS = NO;
				SWIFT_VERSION = 5.0;
				TARGETED_DEVICE_FAMILY = "1,2";
				TEST_HOST = "$(BUILT_PRODUCTS_DIR)/MyairopsChallenge.app/$(BUNDLE_EXECUTABLE_FOLDER_PATH)/MyairopsChallenge";
			};
			name = Release;
		};
		C4CB357729BF6C65006D39F2 /* Debug */ = {
			isa = XCBuildConfiguration;
			buildSettings = {
				ALWAYS_EMBED_SWIFT_STANDARD_LIBRARIES = YES;
				CODE_SIGN_STYLE = Automatic;
				CURRENT_PROJECT_VERSION = 1;
				DEVELOPMENT_TEAM = 3777CH98HC;
				GENERATE_INFOPLIST_FILE = YES;
				MARKETING_VERSION = 1.0;
				PRODUCT_BUNDLE_IDENTIFIER = com.stebinalex.MyairopsChallengeUITests;
				PRODUCT_NAME = "$(TARGET_NAME)";
				SWIFT_EMIT_LOC_STRINGS = NO;
				SWIFT_VERSION = 5.0;
				TARGETED_DEVICE_FAMILY = "1,2";
				TEST_TARGET_NAME = MyairopsChallenge;
			};
			name = Debug;
		};
		C4CB357829BF6C65006D39F2 /* Release */ = {
			isa = XCBuildConfiguration;
			buildSettings = {
				ALWAYS_EMBED_SWIFT_STANDARD_LIBRARIES = YES;
				CODE_SIGN_STYLE = Automatic;
				CURRENT_PROJECT_VERSION = 1;
				DEVELOPMENT_TEAM = 3777CH98HC;
				GENERATE_INFOPLIST_FILE = YES;
				MARKETING_VERSION = 1.0;
				PRODUCT_BUNDLE_IDENTIFIER = com.stebinalex.MyairopsChallengeUITests;
				PRODUCT_NAME = "$(TARGET_NAME)";
				SWIFT_EMIT_LOC_STRINGS = NO;
				SWIFT_VERSION = 5.0;
				TARGETED_DEVICE_FAMILY = "1,2";
				TEST_TARGET_NAME = MyairopsChallenge;
			};
			name = Release;
		};
/* End XCBuildConfiguration section */

/* Begin XCConfigurationList section */
		C4CB354729BF6C63006D39F2 /* Build configuration list for PBXProject "MyairopsChallenge" */ = {
			isa = XCConfigurationList;
			buildConfigurations = (
				C4CB356E29BF6C65006D39F2 /* Debug */,
				C4CB356F29BF6C65006D39F2 /* Release */,
			);
			defaultConfigurationIsVisible = 0;
			defaultConfigurationName = Release;
		};
		C4CB357029BF6C65006D39F2 /* Build configuration list for PBXNativeTarget "MyairopsChallenge" */ = {
			isa = XCConfigurationList;
			buildConfigurations = (
				C4CB357129BF6C65006D39F2 /* Debug */,
				C4CB357229BF6C65006D39F2 /* Release */,
			);
			defaultConfigurationIsVisible = 0;
			defaultConfigurationName = Release;
		};
		C4CB357329BF6C65006D39F2 /* Build configuration list for PBXNativeTarget "MyairopsChallengeTests" */ = {
			isa = XCConfigurationList;
			buildConfigurations = (
				C4CB357429BF6C65006D39F2 /* Debug */,
				C4CB357529BF6C65006D39F2 /* Release */,
			);
			defaultConfigurationIsVisible = 0;
			defaultConfigurationName = Release;
		};
		C4CB357629BF6C65006D39F2 /* Build configuration list for PBXNativeTarget "MyairopsChallengeUITests" */ = {
			isa = XCConfigurationList;
			buildConfigurations = (
				C4CB357729BF6C65006D39F2 /* Debug */,
				C4CB357829BF6C65006D39F2 /* Release */,
			);
			defaultConfigurationIsVisible = 0;
			defaultConfigurationName = Release;
		};
/* End XCConfigurationList section */
	};
	rootObject = C4CB354429BF6C63006D39F2 /* Project object */;
}
